version = 1
revision = 3
requires-python = ">=3.13"

[[package]]
name = "deprecated"
version = "1.3.1"
source = { registry = "https://pypi.org/simple" }
dependencies = [
    { name = "wrapt" },
]
sdist = { url = "https://files.pythonhosted.org/packages/49/85/12f0a49a7c4ffb70572b6c2ef13c90c88fd190debda93b23f026b25f9634/deprecated-1.3.1.tar.gz", hash = "sha256:b1b50e0ff0c1fddaa5708a2c6b0a6588bb09b892825ab2b214ac9ea9d92a5223", size = 2932523, upload-time = "2025-10-30T08:19:02.757Z" }
wheels = [
    { url = "https://files.pythonhosted.org/packages/84/d0/205d54408c08b13550c733c4b85429e7ead111c7f0014309637425520a9a/deprecated-1.3.1-py2.py3-none-any.whl", hash = "sha256:597bfef186b6f60181535a29fbe44865ce137a5079f295b479886c82729d5f3f", size = 11298, upload-time = "2025-10-30T08:19:00.758Z" },
]

[[package]]
name = "dimod"
version = "0.12.21"
source = { registry = "https://pypi.org/simple" }
dependencies = [
    { name = "numpy" },
]
sdist = { url = "https://files.pythonhosted.org/packages/20/a2/5171e9c6df4d8492e238b837c96a27f68e98e67bf8138f3ee50b124a39bb/dimod-0.12.21.tar.gz", hash = "sha256:95c0e6b96a21d42fdf87a2ee123d3d0d4776eab9cbe1b1fa9521b5bba0242e5a", size = 3141251, upload-time = "2025-08-20T17:56:00.006Z" }
wheels = [
    { url = "https://files.pythonhosted.org/packages/c3/1d/dae40f229354506200ec2797a1511e9d3396ad419ea680c72692dbc6076c/dimod-0.12.21-cp313-cp313-macosx_10_13_x86_64.whl", hash = "sha256:d83c44a3386cfc30a58dadf12de4f8445e7a0e600ae90f9f3a5061afbbb27a62", size = 5443204, upload-time = "2025-08-20T17:55:28.173Z" },
    { url = "https://files.pythonhosted.org/packages/bb/94/0df13e68af74d237c45baa63c4f841aba724938831706b6e5d76ea517788/dimod-0.12.21-cp313-cp313-macosx_11_0_arm64.whl", hash = "sha256:318cb40a86f9442d383f02ee48f7bb399fc9674c30b369ba8577b9aaf0bd8f6e", size = 5280501, upload-time = "2025-08-20T17:55:29.564Z" },
    { url = "https://files.pythonhosted.org/packages/ff/b3/ac2f74eae6b6ff2d55d1807becb7541a910bb8b992f8f0d1dca25f7b6db5/dimod-0.12.21-cp313-cp313-manylinux2014_aarch64.manylinux_2_17_aarch64.whl", hash = "sha256:10aa470a9b050fe29b3f742e78e4c864efe2ce40eda82b42540eaa221cd51f7e", size = 8783479, upload-time = "2025-08-20T17:55:31.291Z" },
    { url = "https://files.pythonhosted.org/packages/17/12/4429a73dddee6c49f012a176710763a10c71208654aa39d1ddee49b6a5ba/dimod-0.12.21-cp313-cp313-manylinux2014_x86_64.manylinux_2_17_x86_64.whl", hash = "sha256:146a7d979efbbd7c614361c0f17b52deb9000708687cdf7b7f294022058414ef", size = 8907028, upload-time = "2025-08-20T17:55:33.065Z" },
    { url = "https://files.pythonhosted.org/packages/1f/69/6b6fcce55113d6ac81a4077d13e56a079e0ef4dacae8537f89ed0ee01e29/dimod-0.12.21-cp313-cp313-win_amd64.whl", hash = "sha256:56c9711998c7a6577b69897244a9b7272f1ce109421483604e5c3dc42ca1920c", size = 5157964, upload-time = "2025-08-20T17:55:34.884Z" },
    { url = "https://files.pythonhosted.org/packages/f5/33/4d4fdba22e55b11aa5b034992865661a83a62f077578627e34c2f993c50a/dimod-0.12.21-cp314-cp314-macosx_10_13_x86_64.whl", hash = "sha256:d7d4a0ba19481e66accff3a1ac5540c422c615d01b8113dc3b4a17f09ac02931", size = 5440837, upload-time = "2025-08-20T17:55:36.159Z" },
    { url = "https://files.pythonhosted.org/packages/0f/82/07d7f55a4405de9507ff6ba8c4c4ba070a2d7a6c6935cd6b36882624e3b6/dimod-0.12.21-cp314-cp314-macosx_11_0_arm64.whl", hash = "sha256:1ad23c121819015b4b55681d9dfce967f70f9c1e5628eff3f4ad3310bb049d7b", size = 5288154, upload-time = "2025-08-20T17:55:37.575Z" },
    { url = "https://files.pythonhosted.org/packages/6b/72/0f9acf6d0707049224a304a07a47ae08e7c5e23755e57df3b1d4cee895f0/dimod-0.12.21-cp314-cp314-manylinux2014_aarch64.manylinux_2_17_aarch64.whl", hash = "sha256:9b177717ea52aef7d66f161d337fffb44be1ba5a747c986e8fdf8561ae61f7f0", size = 8851643, upload-time = "2025-08-20T17:55:38.855Z" },
    { url = "https://files.pythonhosted.org/packages/72/ce/cb03a0f6ac12da7f058814ec6030ffcc108d14bf32d071f31d15f6cba2ab/dimod-0.12.21-cp314-cp314-manylinux2014_x86_64.manylinux_2_17_x86_64.whl", hash = "sha256:d579735425755ab3c69ec4ab98209027240ffee7337a7a36c25de18f95e8712b", size = 8924429, upload-time = "2025-08-20T17:55:40.917Z" },
    { url = "https://files.pythonhosted.org/packages/35/cd/c4cdb5f7e4de4e75bf8e69e34c296618103d3f17acca8779ce24ed4de70c/dimod-0.12.21-cp314-cp314-win_amd64.whl", hash = "sha256:d97be7795bdfbfef65edaaddc31bc9b000ac98a9b4b1f32799f1e6370ebae47d", size = 5154571, upload-time = "2025-08-20T17:55:50.594Z" },
    { url = "https://files.pythonhosted.org/packages/36/9d/941492d4fe35a340f737dc5502b7353d06a13597b2687ac66bd7a7b73039/dimod-0.12.21-cp314-cp314t-macosx_10_13_x86_64.whl", hash = "sha256:d98cb5ce991450c095b58e1c285a6edb945a06bf4e1eb06356521341c5209310", size = 5529565, upload-time = "2025-08-20T17:55:43.091Z" },
    { url = "https://files.pythonhosted.org/packages/fe/a5/28d32872e9408f45486488e5c33ac685c7587acb0a0178c6285cb381a2c2/dimod-0.12.21-cp314-cp314t-macosx_11_0_arm64.whl", hash = "sha256:2afcbe1c87229c6cfb1d3a89889d818b2860572cc9861e7a8d612eea20677ab0", size = 5383061, upload-time = "2025-08-20T17:55:44.503Z" },
    { url = "https://files.pythonhosted.org/packages/66/5d/e8f00d3deabe8b6bdb5238847a14e28e6d1856eaf477666651dbf9d585b4/dimod-0.12.21-cp314-cp314t-manylinux2014_aarch64.manylinux_2_17_aarch64.whl", hash = "sha256:fd05ee9ecb8787dc3e9f065249efe986c55a1d755b9cf860cc68aac8331c8daa", size = 8778843, upload-time = "2025-08-20T17:55:45.922Z" },
    { url = "https://files.pythonhosted.org/packages/8f/3d/5ca5c6ee7d7d49f4c459fe9b6869a287b65e6fcaa6b41a44d5cd16dc65a6/dimod-0.12.21-cp314-cp314t-manylinux2014_x86_64.manylinux_2_17_x86_64.whl", hash = "sha256:f0ed1cb06b9fb2e9f54f089cb9cbb264bdf26f6693847374827436083ce595d7", size = 8981720, upload-time = "2025-08-20T17:55:47.68Z" },
    { url = "https://files.pythonhosted.org/packages/bd/15/8e224361276a2e1ac3a3c8633e1ac59c38a6b4e750059a6ce5ec599f0431/dimod-0.12.21-cp314-cp314t-win_amd64.whl", hash = "sha256:abd6a4324ce733cb2118b1950c633d82a4109be19646247b5e4b590f7dd0f50a", size = 5537237, upload-time = "2025-08-20T17:55:49.332Z" },
]

[[package]]
name = "dwave-neal"
version = "0.6.0"
source = { registry = "https://pypi.org/simple" }
dependencies = [
    { name = "dwave-samplers" },
]
sdist = { url = "https://files.pythonhosted.org/packages/84/7c/e368bbddb111958f64d4fdd58d4a0e01f8dc16d56fe89c7abdb028fbb029/dwave-neal-0.6.0.tar.gz", hash = "sha256:8ce51fee3339195df1ab69920fdb5afc496b5fd945e487fad3547c983d90c564", size = 6418, upload-time = "2022-11-25T23:44:37.85Z" }
wheels = [
    { url = "https://files.pythonhosted.org/packages/64/f2/32c45bcc42196f69f101549abf35fc6019ef3488c8d4082fbcab22d77274/dwave_neal-0.6.0-py3-none-any.whl", hash = "sha256:8b7d89f0c52de6ac80e0f580ec272f6409b1cf9edb12250d22429425a13bd935", size = 8730, upload-time = "2022-11-25T23:44:35.533Z" },
]

[[package]]
name = "dwave-samplers"
version = "1.7.0"
source = { registry = "https://pypi.org/simple" }
dependencies = [
    { name = "dimod" },
    { name = "networkx" },
    { name = "numpy" },
]
sdist = { url = "https://files.pythonhosted.org/packages/64/fc/d296b32104227ece6354ed486bb0434f9138eb7815739a7018d12a73dcc4/dwave_samplers-1.7.0.tar.gz", hash = "sha256:aee1174f8353816c237e31f760796bca7d90f3e7b882aa2e80cf28a2f5def4c2", size = 1533384, upload-time = "2025-10-28T17:25:13.004Z" }
wheels = [
    { url = "https://files.pythonhosted.org/packages/ee/4b/dc17844b387812106189223828b2b87b586f9bafa7231b39f4fc19286221/dwave_samplers-1.7.0-cp313-cp313-macosx_10_13_x86_64.whl", hash = "sha256:991c20db423bec9096d2932e8c9a3634c702518eb96d2f762fb3c7e26649241f", size = 2540814, upload-time = "2025-10-28T17:24:51.533Z" },
    { url = "https://files.pythonhosted.org/packages/2d/57/3188a923cfa3b47ad00e6747408d2aa47aad245f489721d43d078ca49038/dwave_samplers-1.7.0-cp313-cp313-macosx_11_0_arm64.whl", hash = "sha256:3ea2ac2d2152f1d0c2f029d6f360f6f292f71c493cbd05621b25ef48ef1aff53", size = 2508427, upload-time = "2025-10-28T17:24:52.724Z" },
    { url = "https://files.pythonhosted.org/packages/2c/ae/da17889d413809322d6fa3226bc7221b314577b21c6337a37049e397a3d5/dwave_samplers-1.7.0-cp313-cp313-manylinux2014_aarch64.manylinux_2_17_aarch64.whl", hash = "sha256:fe2f5d6b3045a30be6946442a9ee30621c06cff92a4b9641df9bc1550dfb6401", size = 8736869, upload-time = "2025-10-28T17:24:53.842Z" },
    { url = "https://files.pythonhosted.org/packages/13/6f/9efb2f8f726891fdcf1b807a4498fe9eef914427bdc61cf0d2ce8a696c54/dwave_samplers-1.7.0-cp313-cp313-manylinux2014_x86_64.manylinux_2_17_x86_64.whl", hash = "sha256:ca3434ebe105d5ec7b3a7bf840b88e7f6a8f89e01a981b2ba52d464b9cf4c7b4", size = 8869687, upload-time = "2025-10-28T17:24:55.416Z" },
    { url = "https://files.pythonhosted.org/packages/40/03/68b0718fc4d3e03009c68daec69fd787ad28886d899afc6e636f3cc490d1/dwave_samplers-1.7.0-cp313-cp313-win_amd64.whl", hash = "sha256:3399af6800418ab95d9560f5dc17c658246b3a645f65b5835e818ae510574c82", size = 2602291, upload-time = "2025-10-28T17:24:57.658Z" },
    { url = "https://files.pythonhosted.org/packages/a9/0f/e01597964178f39df8801983d2d88b9dbe5f38e7dd15417c6ea796a9c763/dwave_samplers-1.7.0-cp314-cp314-macosx_10_15_x86_64.whl", hash = "sha256:1cca0fbd2bd0261841d0804ed63d382e7de6d6dbc42c00ac7f6078faf2dca69f", size = 2542877, upload-time = "2025-10-28T17:24:58.719Z" },
    { url = "https://files.pythonhosted.org/packages/5e/d0/a748c38346ef120b9c702a651a31c45a1cc3f0fa666fef179a4e64ffc9e1/dwave_samplers-1.7.0-cp314-cp314-macosx_11_0_arm64.whl", hash = "sha256:549d2cac098962577f2fc722fb1638dd8995e4d2144afc49a9c1ca569218ebde", size = 2515277, upload-time = "2025-10-28T17:24:59.8Z" },
    { url = "https://files.pythonhosted.org/packages/e1/ac/c06592622523278ba6b6e2fafbe2f5386434d605f43ab579d05b3e9aeab2/dwave_samplers-1.7.0-cp314-cp314-manylinux2014_aarch64.manylinux_2_17_aarch64.whl", hash = "sha256:47e2ef972830496794d47d485d60489d4c0ac2963116e16d0b95209038d600f9", size = 8726353, upload-time = "2025-10-28T17:25:00.93Z" },
    { url = "https://files.pythonhosted.org/packages/d5/78/1d1eb36a2c592cabb2075bd6adb7f7a8e6c01b055ff5699865d1cae8650e/dwave_samplers-1.7.0-cp314-cp314-manylinux2014_x86_64.manylinux_2_17_x86_64.whl", hash = "sha256:b6ed677c074ad6b769076cb3d36bae603f54ccc70f3f3ee1d5c361dec2d0124e", size = 8823508, upload-time = "2025-10-28T17:25:02.441Z" },
    { url = "https://files.pythonhosted.org/packages/30/df/7dc78ca31f55828ae59c5f20e397d3665979a12db7f0c49e5a2f994923c4/dwave_samplers-1.7.0-cp314-cp314-win_amd64.whl", hash = "sha256:d6ea9d05e30c153f99c847b9bd27f58d5dd7d073fe955bba3af19a41ea766e70", size = 2620086, upload-time = "2025-10-28T17:25:11.939Z" },
    { url = "https://files.pythonhosted.org/packages/5d/b6/9d28446f8046ad90f04ecd2cfd52469e7945e4ffed98bdce90c18693a2d8/dwave_samplers-1.7.0-cp314-cp314t-macosx_10_15_x86_64.whl", hash = "sha256:fe811ebaffab70422e03393b8ca4b9f44c4e72e01e3f1b3f3818c50456baef2c", size = 2580236, upload-time = "2025-10-28T17:25:03.899Z" },
    { url = "https://files.pythonhosted.org/packages/af/3d/2a090f3c0487c70a09075612682bd9f9631a84b086a05362dcddebd33792/dwave_samplers-1.7.0-cp314-cp314t-macosx_11_0_arm64.whl", hash = "sha256:7d59d3f38017441f464e1f0f2f12efa32b23a1c795a604040e61bad9b657c31e", size = 2564382, upload-time = "2025-10-28T17:25:05.099Z" },
    { url = "https://files.pythonhosted.org/packages/bd/ed/56bf4e6c35594464bfb9e38b5a790d78710706e099e6334e575d200109be/dwave_samplers-1.7.0-cp314-cp314t-manylinux2014_aarch64.manylinux_2_17_aarch64.whl", hash = "sha256:b6410169886115fab1d0e52916d120ea7d0b7338fb6e11e4cc8dfa2f79022ef5", size = 8923665, upload-time = "2025-10-28T17:25:06.61Z" },
    { url = "https://files.pythonhosted.org/packages/a7/56/464ee6e1c66ec92bb336b0eeaf93bd94c24572bd3553a4a6f2bfc3bc3412/dwave_samplers-1.7.0-cp314-cp314t-manylinux2014_x86_64.manylinux_2_17_x86_64.whl", hash = "sha256:f173a5dee29f351f2e8213e29aff32dde871585890ef53210a7271fd9ea42ec7", size = 8883387, upload-time = "2025-10-28T17:25:08.588Z" },
    { url = "https://files.pythonhosted.org/packages/5d/0b/713e7e629a5fad33cee8e3cd070754b2c0a771ffccbd31a22fae9d4f3434/dwave_samplers-1.7.0-cp314-cp314t-win_amd64.whl", hash = "sha256:539c1e577ea3bce7022a981e88ffa035284985b8208d6ec1f6cab74fb1191e82", size = 2735042, upload-time = "2025-10-28T17:25:10.22Z" },
]

[[package]]
name = "networkx"
version = "3.6.1"
source = { registry = "https://pypi.org/simple" }
sdist = { url = "https://files.pythonhosted.org/packages/6a/51/63fe664f3908c97be9d2e4f1158eb633317598cfa6e1fc14af5383f17512/networkx-3.6.1.tar.gz", hash = "sha256:26b7c357accc0c8cde558ad486283728b65b6a95d85ee1cd66bafab4c8168509", size = 2517025, upload-time = "2025-12-08T17:02:39.908Z" }
wheels = [
    { url = "https://files.pythonhosted.org/packages/9e/c9/b2622292ea83fbb4ec318f5b9ab867d0a28ab43c5717bb85b0a5f6b3b0a4/networkx-3.6.1-py3-none-any.whl", hash = "sha256:d47fbf302e7d9cbbb9e2555a0d267983d2aa476bac30e90dfbe5669bd57f3762", size = 2068504, upload-time = "2025-12-08T17:02:38.159Z" },
]

[[package]]
name = "numpy"
version = "2.4.3"
source = { registry = "https://pypi.org/simple" }
sdist = { url = "https://files.pythonhosted.org/packages/10/8b/c265f4823726ab832de836cdd184d0986dcf94480f81e8739692a7ac7af2/numpy-2.4.3.tar.gz", hash = "sha256:483a201202b73495f00dbc83796c6ae63137a9bdade074f7648b3e32613412dd", size = 20727743, upload-time = "2026-03-09T07:58:53.426Z" }
wheels = [
    { url = "https://files.pythonhosted.org/packages/b6/d0/1fe47a98ce0df229238b77611340aff92d52691bcbc10583303181abf7fc/numpy-2.4.3-cp313-cp313-macosx_10_13_x86_64.whl", hash = "sha256:b346845443716c8e542d54112966383b448f4a3ba5c66409771b8c0889485dd3", size = 16665297, upload-time = "2026-03-09T07:56:52.296Z" },
    { url = "https://files.pythonhosted.org/packages/27/d9/4e7c3f0e68dfa91f21c6fb6cf839bc829ec920688b1ce7ec722b1a6202fb/numpy-2.4.3-cp313-cp313-macosx_11_0_arm64.whl", hash = "sha256:2629289168f4897a3c4e23dc98d6f1731f0fc0fe52fb9db19f974041e4cc12b9", size = 14691853, upload-time = "2026-03-09T07:56:54.992Z" },
    { url = "https://files.pythonhosted.org/packages/3a/66/bd096b13a87549683812b53ab211e6d413497f84e794fb3c39191948da97/numpy-2.4.3-cp313-cp313-macosx_14_0_arm64.whl", hash = "sha256:bb2e3cf95854233799013779216c57e153c1ee67a0bf92138acca0e429aefaee", size = 5198435, upload-time = "2026-03-09T07:56:57.184Z" },
    { url = "https://files.pythonhosted.org/packages/a2/2f/687722910b5a5601de2135c891108f51dfc873d8e43c8ed9f4ebb440b4a2/numpy-2.4.3-cp313-cp313-macosx_14_0_x86_64.whl", hash = "sha256:7f3408ff897f8ab07a07fbe2823d7aee6ff644c097cc1f90382511fe982f647f", size = 6546347, upload-time = "2026-03-09T07:56:59.531Z" },
    { url = "https://files.pythonhosted.org/packages/bf/ec/7971c4e98d86c564750393fab8d7d83d0a9432a9d78bb8a163a6dc59967a/numpy-2.4.3-cp313-cp313-manylinux_2_27_aarch64.manylinux_2_28_aarch64.whl", hash = "sha256:decb0eb8a53c3b009b0962378065589685d66b23467ef5dac16cbe818afde27f", size = 15664626, upload-time = "2026-03-09T07:57:01.385Z" },
    { url = "https://files.pythonhosted.org/packages/7e/eb/7daecbea84ec935b7fc732e18f532073064a3816f0932a40a17f3349185f/numpy-2.4.3-cp313-cp313-manylinux_2_27_x86_64.manylinux_2_28_x86_64.whl", hash = "sha256:d5f51900414fc9204a0e0da158ba2ac52b75656e7dce7e77fb9f84bfa343b4cc", size = 16608916, upload-time = "2026-03-09T07:57:04.008Z" },
    { url = "https://files.pythonhosted.org/packages/df/58/2a2b4a817ffd7472dca4421d9f0776898b364154e30c95f42195041dc03b/numpy-2.4.3-cp313-cp313-musllinux_1_2_aarch64.whl", hash = "sha256:6bd06731541f89cdc01b261ba2c9e037f1543df7472517836b78dfb15bd6e476", size = 17015824, upload-time = "2026-03-09T07:57:06.347Z" },
    { url = "https://files.pythonhosted.org/packages/4a/ca/627a828d44e78a418c55f82dd4caea8ea4a8ef24e5144d9e71016e52fb40/numpy-2.4.3-cp313-cp313-musllinux_1_2_x86_64.whl", hash = "sha256:22654fe6be0e5206f553a9250762c653d3698e46686eee53b399ab90da59bd92", size = 18334581, upload-time = "2026-03-09T07:57:09.114Z" },
    { url = "https://files.pythonhosted.org/packages/cd/c0/76f93962fc79955fcba30a429b62304332345f22d4daec1cb33653425643/numpy-2.4.3-cp313-cp313-win32.whl", hash = "sha256:d71e379452a2f670ccb689ec801b1218cd3983e253105d6e83780967e899d687", size = 5958618, upload-time = "2026-03-09T07:57:11.432Z" },
    { url = "https://files.pythonhosted.org/packages/b1/3c/88af0040119209b9b5cb59485fa48b76f372c73068dbf9254784b975ac53/numpy-2.4.3-cp313-cp313-win_amd64.whl", hash = "sha256:0a60e17a14d640f49146cb38e3f105f571318db7826d9b6fef7e4dce758faecd", size = 12312824, upload-time = "2026-03-09T07:57:13.586Z" },
    { url = "https://files.pythonhosted.org/packages/58/ce/3d07743aced3d173f877c3ef6a454c2174ba42b584ab0b7e6d99374f51ed/numpy-2.4.3-cp313-cp313-win_arm64.whl", hash = "sha256:c9619741e9da2059cd9c3f206110b97583c7152c1dc9f8aafd4beb450ac1c89d", size = 10221218, upload-time = "2026-03-09T07:57:16.183Z" },
    { url = "https://files.pythonhosted.org/packages/62/09/d96b02a91d09e9d97862f4fc8bfebf5400f567d8eb1fe4b0cc4795679c15/numpy-2.4.3-cp313-cp313t-macosx_11_0_arm64.whl", hash = "sha256:7aa4e54f6469300ebca1d9eb80acd5253cdfa36f2c03d79a35883687da430875", size = 14819570, upload-time = "2026-03-09T07:57:18.564Z" },
    { url = "https://files.pythonhosted.org/packages/b5/ca/0b1aba3905fdfa3373d523b2b15b19029f4f3031c87f4066bd9d20ef6c6b/numpy-2.4.3-cp313-cp313t-macosx_14_0_arm64.whl", hash = "sha256:d1b90d840b25874cf5cd20c219af10bac3667db3876d9a495609273ebe679070", size = 5326113, upload-time = "2026-03-09T07:57:21.052Z" },
    { url = "https://files.pythonhosted.org/packages/c0/63/406e0fd32fcaeb94180fd6a4c41e55736d676c54346b7efbce548b94a914/numpy-2.4.3-cp313-cp313t-macosx_14_0_x86_64.whl", hash = "sha256:a749547700de0a20a6718293396ec237bb38218049cfce788e08fcb716e8cf73", size = 6646370, upload-time = "2026-03-09T07:57:22.804Z" },
    { url = "https://files.pythonhosted.org/packages/b6/d0/10f7dc157d4b37af92720a196be6f54f889e90dcd30dce9dc657ed92c257/numpy-2.4.3-cp313-cp313t-manylinux_2_27_aarch64.manylinux_2_28_aarch64.whl", hash = "sha256:94f3c4a151a2e529adf49c1d54f0f57ff8f9b233ee4d44af623a81553ab86368", size = 15723499, upload-time = "2026-03-09T07:57:24.693Z" },
    { url = "https://files.pythonhosted.org/packages/66/f1/d1c2bf1161396629701bc284d958dc1efa3a5a542aab83cf11ee6eb4cba5/numpy-2.4.3-cp313-cp313t-manylinux_2_27_x86_64.manylinux_2_28_x86_64.whl", hash = "sha256:22c31dc07025123aedf7f2db9e91783df13f1776dc52c6b22c620870dc0fab22", size = 16657164, upload-time = "2026-03-09T07:57:27.676Z" },
    { url = "https://files.pythonhosted.org/packages/1a/be/cca19230b740af199ac47331a21c71e7a3d0ba59661350483c1600d28c37/numpy-2.4.3-cp313-cp313t-musllinux_1_2_aarch64.whl", hash = "sha256:148d59127ac95979d6f07e4d460f934ebdd6eed641db9c0db6c73026f2b2101a", size = 17081544, upload-time = "2026-03-09T07:57:30.664Z" },
    { url = "https://files.pythonhosted.org/packages/b9/c5/9602b0cbb703a0936fb40f8a95407e8171935b15846de2f0776e08af04c7/numpy-2.4.3-cp313-cp313t-musllinux_1_2_x86_64.whl", hash = "sha256:a97cbf7e905c435865c2d939af3d93f99d18eaaa3cabe4256f4304fb51604349", size = 18380290, upload-time = "2026-03-09T07:57:33.763Z" },
    { url = "https://files.pythonhosted.org/packages/ed/81/9f24708953cd30be9ee36ec4778f4b112b45165812f2ada4cc5ea1c1f254/numpy-2.4.3-cp313-cp313t-win32.whl", hash = "sha256:be3b8487d725a77acccc9924f65fd8bce9af7fac8c9820df1049424a2115af6c", size = 6082814, upload-time = "2026-03-09T07:57:36.491Z" },
    { url = "https://files.pythonhosted.org/packages/e2/9e/52f6eaa13e1a799f0ab79066c17f7016a4a8ae0c1aefa58c82b4dab690b4/numpy-2.4.3-cp313-cp313t-win_amd64.whl", hash = "sha256:1ec84fd7c8e652b0f4aaaf2e6e9cc8eaa9b1b80a537e06b2e3a2fb176eedcb26", size = 12452673, upload-time = "2026-03-09T07:57:38.281Z" },
    { url = "https://files.pythonhosted.org/packages/c4/04/b8cece6ead0b30c9fbd99bb835ad7ea0112ac5f39f069788c5558e3b1ab2/numpy-2.4.3-cp313-cp313t-win_arm64.whl", hash = "sha256:120df8c0a81ebbf5b9020c91439fccd85f5e018a927a39f624845be194a2be02", size = 10290907, upload-time = "2026-03-09T07:57:40.747Z" },
    { url = "https://files.pythonhosted.org/packages/70/ae/3936f79adebf8caf81bd7a599b90a561334a658be4dcc7b6329ebf4ee8de/numpy-2.4.3-cp314-cp314-macosx_10_15_x86_64.whl", hash = "sha256:5884ce5c7acfae1e4e1b6fde43797d10aa506074d25b531b4f54bde33c0c31d4", size = 16664563, upload-time = "2026-03-09T07:57:43.817Z" },
    { url = "https://files.pythonhosted.org/packages/9b/62/760f2b55866b496bb1fa7da2a6db076bef908110e568b02fcfc1422e2a3a/numpy-2.4.3-cp314-cp314-macosx_11_0_arm64.whl", hash = "sha256:297837823f5bc572c5f9379b0c9f3a3365f08492cbdc33bcc3af174372ebb168", size = 14702161, upload-time = "2026-03-09T07:57:46.169Z" },
    { url = "https://files.pythonhosted.org/packages/32/af/a7a39464e2c0a21526fb4fb76e346fb172ebc92f6d1c7a07c2c139cc17b1/numpy-2.4.3-cp314-cp314-macosx_14_0_arm64.whl", hash = "sha256:a111698b4a3f8dcbe54c64a7708f049355abd603e619013c346553c1fd4ca90b", size = 5208738, upload-time = "2026-03-09T07:57:48.506Z" },
    { url = "https://files.pythonhosted.org/packages/29/8c/2a0cf86a59558fa078d83805589c2de490f29ed4fb336c14313a161d358a/numpy-2.4.3-cp314-cp314-macosx_14_0_x86_64.whl", hash = "sha256:4bd4741a6a676770e0e97fe9ab2e51de01183df3dcbcec591d26d331a40de950", size = 6543618, upload-time = "2026-03-09T07:57:50.591Z" },
    { url = "https://files.pythonhosted.org/packages/aa/b8/612ce010c0728b1c363fa4ea3aa4c22fe1c5da1de008486f8c2f5cb92fae/numpy-2.4.3-cp314-cp314-manylinux_2_27_aarch64.manylinux_2_28_aarch64.whl", hash = "sha256:54f29b877279d51e210e0c80709ee14ccbbad647810e8f3d375561c45ef613dd", size = 15680676, upload-time = "2026-03-09T07:57:52.34Z" },
    { url = "https://files.pythonhosted.org/packages/a9/7e/4f120ecc54ba26ddf3dc348eeb9eb063f421de65c05fc961941798feea18/numpy-2.4.3-cp314-cp314-manylinux_2_27_x86_64.manylinux_2_28_x86_64.whl", hash = "sha256:679f2a834bae9020f81534671c56fd0cc76dd7e5182f57131478e23d0dc59e24", size = 16613492, upload-time = "2026-03-09T07:57:54.91Z" },
    { url = "https://files.pythonhosted.org/packages/2c/86/1b6020db73be330c4b45d5c6ee4295d59cfeef0e3ea323959d053e5a6909/numpy-2.4.3-cp314-cp314-musllinux_1_2_aarch64.whl", hash = "sha256:d84f0f881cb2225c2dfd7f78a10a5645d487a496c6668d6cc39f0f114164f3d0", size = 17031789, upload-time = "2026-03-09T07:57:57.641Z" },
    { url = "https://files.pythonhosted.org/packages/07/3a/3b90463bf41ebc21d1b7e06079f03070334374208c0f9a1f05e4ae8455e7/numpy-2.4.3-cp314-cp314-musllinux_1_2_x86_64.whl", hash = "sha256:d213c7e6e8d211888cc359bab7199670a00f5b82c0978b9d1c75baf1eddbeac0", size = 18339941, upload-time = "2026-03-09T07:58:00.577Z" },
    { url = "https://files.pythonhosted.org/packages/a8/74/6d736c4cd962259fd8bae9be27363eb4883a2f9069763747347544c2a487/numpy-2.4.3-cp314-cp314-win32.whl", hash = "sha256:52077feedeff7c76ed7c9f1a0428558e50825347b7545bbb8523da2cd55c547a", size = 6007503, upload-time = "2026-03-09T07:58:03.331Z" },
    { url = "https://files.pythonhosted.org/packages/48/39/c56ef87af669364356bb011922ef0734fc49dad51964568634c72a009488/numpy-2.4.3-cp314-cp314-win_amd64.whl", hash = "sha256:0448e7f9caefb34b4b7dd2b77f21e8906e5d6f0365ad525f9f4f530b13df2afc", size = 12444915, upload-time = "2026-03-09T07:58:06.353Z" },
    { url = "https://files.pythonhosted.org/packages/9d/1f/ab8528e38d295fd349310807496fabb7cf9fe2e1f70b97bc20a483ea9d4a/numpy-2.4.3-cp314-cp314-win_arm64.whl", hash = "sha256:b44fd60341c4d9783039598efadd03617fa28d041fc37d22b62d08f2027fa0e7", size = 10494875, upload-time = "2026-03-09T07:58:08.734Z" },
    { url = "https://files.pythonhosted.org/packages/e6/ef/b7c35e4d5ef141b836658ab21a66d1a573e15b335b1d111d31f26c8ef80f/numpy-2.4.3-cp314-cp314t-macosx_11_0_arm64.whl", hash = "sha256:0a195f4216be9305a73c0e91c9b026a35f2161237cf1c6de9b681637772ea657", size = 14822225, upload-time = "2026-03-09T07:58:11.034Z" },
    { url = "https://files.pythonhosted.org/packages/cd/8d/7730fa9278cf6648639946cc816e7cc89f0d891602584697923375f801ed/numpy-2.4.3-cp314-cp314t-macosx_14_0_arm64.whl", hash = "sha256:cd32fbacb9fd1bf041bf8e89e4576b6f00b895f06d00914820ae06a616bdfef7", size = 5328769, upload-time = "2026-03-09T07:58:13.67Z" },
    { url = "https://files.pythonhosted.org/packages/47/01/d2a137317c958b074d338807c1b6a383406cdf8b8e53b075d804cc3d211d/numpy-2.4.3-cp314-cp314t-macosx_14_0_x86_64.whl", hash = "sha256:2e03c05abaee1f672e9d67bc858f300b5ccba1c21397211e8d77d98350972093", size = 6649461, upload-time = "2026-03-09T07:58:15.912Z" },
    { url = "https://files.pythonhosted.org/packages/5c/34/812ce12bc0f00272a4b0ec0d713cd237cb390666eb6206323d1cc9cedbb2/numpy-2.4.3-cp314-cp314t-manylinux_2_27_aarch64.manylinux_2_28_aarch64.whl", hash = "sha256:7d1ce23cce91fcea443320a9d0ece9b9305d4368875bab09538f7a5b4131938a", size = 15725809, upload-time = "2026-03-09T07:58:17.787Z" },
    { url = "https://files.pythonhosted.org/packages/25/c0/2aed473a4823e905e765fee3dc2cbf504bd3e68ccb1150fbdabd5c39f527/numpy-2.4.3-cp314-cp314t-manylinux_2_27_x86_64.manylinux_2_28_x86_64.whl", hash = "sha256:c59020932feb24ed49ffd03704fbab89f22aa9c0d4b180ff45542fe8918f5611", size = 16655242, upload-time = "2026-03-09T07:58:20.476Z" },
    { url = "https://files.pythonhosted.org/packages/f2/c8/7e052b2fc87aa0e86de23f20e2c42bd261c624748aa8efd2c78f7bb8d8c6/numpy-2.4.3-cp314-cp314t-musllinux_1_2_aarch64.whl", hash = "sha256:9684823a78a6cd6ad7511fc5e25b07947d1d5b5e2812c93fe99d7d4195130720", size = 17080660, upload-time = "2026-03-09T07:58:23.067Z" },
    { url = "https://files.pythonhosted.org/packages/f3/3d/0876746044db2adcb11549f214d104f2e1be00f07a67edbb4e2812094847/numpy-2.4.3-cp314-cp314t-musllinux_1_2_x86_64.whl", hash = "sha256:0200b25c687033316fb39f0ff4e3e690e8957a2c3c8d22499891ec58c37a3eb5", size = 18380384, upload-time = "2026-03-09T07:58:25.839Z" },
    { url = "https://files.pythonhosted.org/packages/07/12/8160bea39da3335737b10308df4f484235fd297f556745f13092aa039d3b/numpy-2.4.3-cp314-cp314t-win32.whl", hash = "sha256:5e10da9e93247e554bb1d22f8edc51847ddd7dde52d85ce31024c1b4312bfba0", size = 6154547, upload-time = "2026-03-09T07:58:28.289Z" },
    { url = "https://files.pythonhosted.org/packages/42/f3/76534f61f80d74cc9cdf2e570d3d4eeb92c2280a27c39b0aaf471eda7b48/numpy-2.4.3-cp314-cp314t-win_amd64.whl", hash = "sha256:45f003dbdffb997a03da2d1d0cb41fbd24a87507fb41605c0420a3db5bd4667b", size = 12633645, upload-time = "2026-03-09T07:58:30.384Z" },
    { url = "https://files.pythonhosted.org/packages/1f/b6/7c0d4334c15983cec7f92a69e8ce9b1e6f31857e5ee3a413ac424e6bd63d/numpy-2.4.3-cp314-cp314t-win_arm64.whl", hash = "sha256:4d382735cecd7bcf090172489a525cd7d4087bc331f7df9f60ddc9a296cf208e", size = 10565454, upload-time = "2026-03-09T07:58:33.031Z" },
]

[[package]]
name = "optimisation-final"
version = "0.1.0"
source = { virtual = "." }
dependencies = [
    { name = "pyqubo" },
]

[package.metadata]
requires-dist = [{ name = "pyqubo", specifier = ">=1.5.0" }]

[[package]]
name = "pyqubo"
version = "1.5.0"
source = { registry = "https://pypi.org/simple" }
dependencies = [
    { name = "deprecated" },
    { name = "dimod" },
    { name = "dwave-neal" },
    { name = "numpy" },
    { name = "six" },
]
wheels = [
    { url = "https://files.pythonhosted.org/packages/80/3a/b21d617500f094474e431dc25f0d8c3c9d7df6a1f36e5631e8acc86c4c33/pyqubo-1.5.0-cp313-cp313-macosx_10_13_x86_64.whl", hash = "sha256:b01e724bcb573bdba31e5948a6718bb3a0135a3a84f1556df4271fe7334f54c0", size = 235056, upload-time = "2024-11-09T14:17:17.526Z" },
    { url = "https://files.pythonhosted.org/packages/45/0e/b5fe9aa8283dbb9864ab4a7b66fc9c362111c11106a45655eb239fef32e1/pyqubo-1.5.0-cp313-cp313-macosx_11_0_arm64.whl", hash = "sha256:7cbd5f2d8842f4a506c2af337436a485969c25a77ef4c376678e59a513b83655", size = 209541, upload-time = "2024-11-09T14:17:19.712Z" },
    { url = "https://files.pythonhosted.org/packages/e9/9b/325ea620ec0d6e592e18677fa7e4a8b56f75debe3ce0f9ced5c9d849e822/pyqubo-1.5.0-cp313-cp313-manylinux_2_17_x86_64.manylinux2014_x86_64.whl", hash = "sha256:d7f2d9f309657b234eb19cb50b0617142cadce65243a118ff8a04774ca4351be", size = 256873, upload-time = "2024-11-09T14:17:21.826Z" },
    { url = "https://files.pythonhosted.org/packages/f4/60/1110cc30756924631252b1013972503b224a631fd597e80980af76d09f14/pyqubo-1.5.0-cp313-cp313-win_amd64.whl", hash = "sha256:94c4b8764f5cb063f71d2eab0f23577b9edea2820ef5a8c6685f9b99c3454644", size = 403498, upload-time = "2024-11-09T14:17:23.797Z" },
]

[[package]]
name = "six"
version = "1.17.0"
source = { registry = "https://pypi.org/simple" }
sdist = { url = "https://files.pythonhosted.org/packages/94/e7/b2c673351809dca68a0e064b6af791aa332cf192da575fd474ed7d6f16a2/six-1.17.0.tar.gz", hash = "sha256:ff70335d468e7eb6ec65b95b99d3a2836546063f63acc5171de367e834932a81", size = 34031, upload-time = "2024-12-04T17:35:28.174Z" }
wheels = [
    { url = "https://files.pythonhosted.org/packages/b7/ce/149a00dd41f10bc29e5921b496af8b574d8413afcd5e30dfa0ed46c2cc5e/six-1.17.0-py2.py3-none-any.whl", hash = "sha256:4721f391ed90541fddacab5acf947aa0d3dc7d27b2e1e8eda2be8970586c3274", size = 11050, upload-time = "2024-12-04T17:35:26.475Z" },
]

[[package]]
name = "wrapt"
version = "2.1.2"
source = { registry = "https://pypi.org/simple" }
sdist = { url = "https://files.pythonhosted.org/packages/2e/64/925f213fdcbb9baeb1530449ac71a4d57fc361c053d06bf78d0c5c7cd80c/wrapt-2.1.2.tar.gz", hash = "sha256:3996a67eecc2c68fd47b4e3c564405a5777367adfd9b8abb58387b63ee83b21e", size = 81678, upload-time = "2026-03-06T02:53:25.134Z" }
wheels = [
    { url = "https://files.pythonhosted.org/packages/4c/7a/d936840735c828b38d26a854e85d5338894cda544cb7a85a9d5b8b9c4df7/wrapt-2.1.2-cp313-cp313-macosx_10_13_x86_64.whl", hash = "sha256:787fd6f4d67befa6fe2abdffcbd3de2d82dfc6fb8a6d850407c53332709d030b", size = 61259, upload-time = "2026-03-06T02:53:41.922Z" },
    { url = "https://files.pythonhosted.org/packages/5e/88/9a9b9a90ac8ca11c2fdb6a286cb3a1fc7dd774c00ed70929a6434f6bc634/wrapt-2.1.2-cp313-cp313-macosx_11_0_arm64.whl", hash = "sha256:4bdf26e03e6d0da3f0e9422fd36bcebf7bc0eeb55fdf9c727a09abc6b9fe472e", size = 61851, upload-time = "2026-03-06T02:52:48.672Z" },
    { url = "https://files.pythonhosted.org/packages/03/a9/5b7d6a16fd6533fed2756900fc8fc923f678179aea62ada6d65c92718c00/wrapt-2.1.2-cp313-cp313-manylinux1_x86_64.manylinux_2_28_x86_64.manylinux_2_5_x86_64.whl", hash = "sha256:bbac24d879aa22998e87f6b3f481a5216311e7d53c7db87f189a7a0266dafffb", size = 121446, upload-time = "2026-03-06T02:54:14.013Z" },
    { url = "https://files.pythonhosted.org/packages/45/bb/34c443690c847835cfe9f892be78c533d4f32366ad2888972c094a897e39/wrapt-2.1.2-cp313-cp313-manylinux2014_aarch64.manylinux_2_17_aarch64.manylinux_2_28_aarch64.whl", hash = "sha256:16997dfb9d67addc2e3f41b62a104341e80cac52f91110dece393923c0ebd5ca", size = 123056, upload-time = "2026-03-06T02:54:10.829Z" },
    { url = "https://files.pythonhosted.org/packages/93/b9/ff205f391cb708f67f41ea148545f2b53ff543a7ac293b30d178af4d2271/wrapt-2.1.2-cp313-cp313-manylinux_2_31_riscv64.manylinux_2_39_riscv64.whl", hash = "sha256:162e4e2ba7542da9027821cb6e7c5e068d64f9a10b5f15512ea28e954893a267", size = 117359, upload-time = "2026-03-06T02:53:03.623Z" },
    { url = "https://files.pythonhosted.org/packages/1f/3d/1ea04d7747825119c3c9a5e0874a40b33594ada92e5649347c457d982805/wrapt-2.1.2-cp313-cp313-musllinux_1_2_aarch64.whl", hash = "sha256:f29c827a8d9936ac320746747a016c4bc66ef639f5cd0d32df24f5eacbf9c69f", size = 121479, upload-time = "2026-03-06T02:53:45.844Z" },
    { url = "https://files.pythonhosted.org/packages/78/cc/ee3a011920c7a023b25e8df26f306b2484a531ab84ca5c96260a73de76c0/wrapt-2.1.2-cp313-cp313-musllinux_1_2_riscv64.whl", hash = "sha256:a9dd9813825f7ecb018c17fd147a01845eb330254dff86d3b5816f20f4d6aaf8", size = 116271, upload-time = "2026-03-06T02:54:46.356Z" },
    { url = "https://files.pythonhosted.org/packages/98/fd/e5ff7ded41b76d802cf1191288473e850d24ba2e39a6ec540f21ae3b57cb/wrapt-2.1.2-cp313-cp313-musllinux_1_2_x86_64.whl", hash = "sha256:6f8dbdd3719e534860d6a78526aafc220e0241f981367018c2875178cf83a413", size = 120573, upload-time = "2026-03-06T02:52:50.163Z" },
    { url = "https://files.pythonhosted.org/packages/47/c5/242cae3b5b080cd09bacef0591691ba1879739050cc7c801ff35c8886b66/wrapt-2.1.2-cp313-cp313-win32.whl", hash = "sha256:5c35b5d82b16a3bc6e0a04349b606a0582bc29f573786aebe98e0c159bc48db6", size = 58205, upload-time = "2026-03-06T02:53:47.494Z" },
    { url = "https://files.pythonhosted.org/packages/12/69/c358c61e7a50f290958809b3c61ebe8b3838ea3e070d7aac9814f95a0528/wrapt-2.1.2-cp313-cp313-win_amd64.whl", hash = "sha256:f8bc1c264d8d1cf5b3560a87bbdd31131573eb25f9f9447bb6252b8d4c44a3a1", size = 60452, upload-time = "2026-03-06T02:53:30.038Z" },
    { url = "https://files.pythonhosted.org/packages/8e/66/c8a6fcfe321295fd8c0ab1bd685b5a01462a9b3aa2f597254462fc2bc975/wrapt-2.1.2-cp313-cp313-win_arm64.whl", hash = "sha256:3beb22f674550d5634642c645aba4c72a2c66fb185ae1aebe1e955fae5a13baf", size = 58842, upload-time = "2026-03-06T02:52:52.114Z" },
    { url = "https://files.pythonhosted.org/packages/da/55/9c7052c349106e0b3f17ae8db4b23a691a963c334de7f9dbd60f8f74a831/wrapt-2.1.2-cp313-cp313t-macosx_10_13_x86_64.whl", hash = "sha256:0fc04bc8664a8bc4c8e00b37b5355cffca2535209fba1abb09ae2b7c76ddf82b", size = 63075, upload-time = "2026-03-06T02:53:19.108Z" },
    { url = "https://files.pythonhosted.org/packages/09/a8/ce7b4006f7218248dd71b7b2b732d0710845a0e49213b18faef64811ffef/wrapt-2.1.2-cp313-cp313t-macosx_11_0_arm64.whl", hash = "sha256:a9b9d50c9af998875a1482a038eb05755dfd6fe303a313f6a940bb53a83c3f18", size = 63719, upload-time = "2026-03-06T02:54:33.452Z" },
    { url = "https://files.pythonhosted.org/packages/e4/e5/2ca472e80b9e2b7a17f106bb8f9df1db11e62101652ce210f66935c6af67/wrapt-2.1.2-cp313-cp313t-manylinux1_x86_64.manylinux_2_28_x86_64.manylinux_2_5_x86_64.whl", hash = "sha256:2d3ff4f0024dd224290c0eabf0240f1bfc1f26363431505fb1b0283d3b08f11d", size = 152643, upload-time = "2026-03-06T02:52:42.721Z" },
    { url = "https://files.pythonhosted.org/packages/36/42/30f0f2cefca9d9cbf6835f544d825064570203c3e70aa873d8ae12e23791/wrapt-2.1.2-cp313-cp313t-manylinux2014_aarch64.manylinux_2_17_aarch64.manylinux_2_28_aarch64.whl", hash = "sha256:3278c471f4468ad544a691b31bb856374fbdefb7fee1a152153e64019379f015", size = 158805, upload-time = "2026-03-06T02:54:25.441Z" },
    { url = "https://files.pythonhosted.org/packages/bb/67/d08672f801f604889dcf58f1a0b424fe3808860ede9e03affc1876b295af/wrapt-2.1.2-cp313-cp313t-manylinux_2_31_riscv64.manylinux_2_39_riscv64.whl", hash = "sha256:a8914c754d3134a3032601c6984db1c576e6abaf3fc68094bb8ab1379d75ff92", size = 145990, upload-time = "2026-03-06T02:53:57.456Z" },
    { url = "https://files.pythonhosted.org/packages/68/a7/fd371b02e73babec1de6ade596e8cd9691051058cfdadbfd62a5898f3295/wrapt-2.1.2-cp313-cp313t-musllinux_1_2_aarch64.whl", hash = "sha256:ff95d4264e55839be37bafe1536db2ab2de19da6b65f9244f01f332b5286cfbf", size = 155670, upload-time = "2026-03-06T02:54:55.309Z" },
    { url = "https://files.pythonhosted.org/packages/86/2d/9fe0095dfdb621009f40117dcebf41d7396c2c22dca6eac779f4c007b86c/wrapt-2.1.2-cp313-cp313t-musllinux_1_2_riscv64.whl", hash = "sha256:76405518ca4e1b76fbb1b9f686cff93aebae03920cc55ceeec48ff9f719c5f67", size = 144357, upload-time = "2026-03-06T02:54:24.092Z" },
    { url = "https://files.pythonhosted.org/packages/0e/b6/ec7b4a254abbe4cde9fa15c5d2cca4518f6b07d0f1b77d4ee9655e30280e/wrapt-2.1.2-cp313-cp313t-musllinux_1_2_x86_64.whl", hash = "sha256:c0be8b5a74c5824e9359b53e7e58bef71a729bacc82e16587db1c4ebc91f7c5a", size = 150269, upload-time = "2026-03-06T02:53:31.268Z" },
    { url = "https://files.pythonhosted.org/packages/6e/6b/2fabe8ebf148f4ee3c782aae86a795cc68ffe7d432ef550f234025ce0cfa/wrapt-2.1.2-cp313-cp313t-win32.whl", hash = "sha256:f01277d9a5fc1862f26f7626da9cf443bebc0abd2f303f41c5e995b15887dabd", size = 59894, upload-time = "2026-03-06T02:54:15.391Z" },
    { url = "https://files.pythonhosted.org/packages/ca/fb/9ba66fc2dedc936de5f8073c0217b5d4484e966d87723415cc8262c5d9c2/wrapt-2.1.2-cp313-cp313t-win_amd64.whl", hash = "sha256:84ce8f1c2104d2f6daa912b1b5b039f331febfeee74f8042ad4e04992bd95c8f", size = 63197, upload-time = "2026-03-06T02:54:41.943Z" },
    { url = "https://files.pythonhosted.org/packages/c0/1c/012d7423c95d0e337117723eb8ecf73c622ce15a97847e84cf3f8f26cd7e/wrapt-2.1.2-cp313-cp313t-win_arm64.whl", hash = "sha256:a93cd767e37faeddbe07d8fc4212d5cba660af59bdb0f6372c93faaa13e6e679", size = 60363, upload-time = "2026-03-06T02:54:48.093Z" },
    { url = "https://files.pythonhosted.org/packages/39/25/e7ea0b417db02bb796182a5316398a75792cd9a22528783d868755e1f669/wrapt-2.1.2-cp314-cp314-macosx_10_15_x86_64.whl", hash = "sha256:1370e516598854e5b4366e09ce81e08bfe94d42b0fd569b88ec46cc56d9164a9", size = 61418, upload-time = "2026-03-06T02:53:55.706Z" },
    { url = "https://files.pythonhosted.org/packages/ec/0f/fa539e2f6a770249907757eaeb9a5ff4deb41c026f8466c1c6d799088a9b/wrapt-2.1.2-cp314-cp314-macosx_11_0_arm64.whl", hash = "sha256:6de1a3851c27e0bd6a04ca993ea6f80fc53e6c742ee1601f486c08e9f9b900a9", size = 61914, upload-time = "2026-03-06T02:52:53.37Z" },
    { url = "https://files.pythonhosted.org/packages/53/37/02af1867f5b1441aaeda9c82deed061b7cd1372572ddcd717f6df90b5e93/wrapt-2.1.2-cp314-cp314-manylinux1_x86_64.manylinux_2_28_x86_64.manylinux_2_5_x86_64.whl", hash = "sha256:de9f1a2bbc5ac7f6012ec24525bdd444765a2ff64b5985ac6e0692144838542e", size = 120417, upload-time = "2026-03-06T02:54:30.74Z" },
    { url = "https://files.pythonhosted.org/packages/c3/b7/0138a6238c8ba7476c77cf786a807f871672b37f37a422970342308276e7/wrapt-2.1.2-cp314-cp314-manylinux2014_aarch64.manylinux_2_17_aarch64.manylinux_2_28_aarch64.whl", hash = "sha256:970d57ed83fa040d8b20c52fe74a6ae7e3775ae8cff5efd6a81e06b19078484c", size = 122797, upload-time = "2026-03-06T02:54:51.539Z" },
    { url = "https://files.pythonhosted.org/packages/e1/ad/819ae558036d6a15b7ed290d5b14e209ca795dd4da9c58e50c067d5927b0/wrapt-2.1.2-cp314-cp314-manylinux_2_31_riscv64.manylinux_2_39_riscv64.whl", hash = "sha256:3969c56e4563c375861c8df14fa55146e81ac11c8db49ea6fb7f2ba58bc1ff9a", size = 117350, upload-time = "2026-03-06T02:54:37.651Z" },
    { url = "https://files.pythonhosted.org/packages/8b/2d/afc18dc57a4600a6e594f77a9ae09db54f55ba455440a54886694a84c71b/wrapt-2.1.2-cp314-cp314-musllinux_1_2_aarch64.whl", hash = "sha256:57d7c0c980abdc5f1d98b11a2aa3bb159790add80258c717fa49a99921456d90", size = 121223, upload-time = "2026-03-06T02:54:35.221Z" },
    { url = "https://files.pythonhosted.org/packages/b9/5b/5ec189b22205697bc56eb3b62aed87a1e0423e9c8285d0781c7a83170d15/wrapt-2.1.2-cp314-cp314-musllinux_1_2_riscv64.whl", hash = "sha256:776867878e83130c7a04237010463372e877c1c994d449ca6aaafeab6aab2586", size = 116287, upload-time = "2026-03-06T02:54:19.654Z" },
    { url = "https://files.pythonhosted.org/packages/f7/2d/f84939a7c9b5e6cdd8a8d0f6a26cabf36a0f7e468b967720e8b0cd2bdf69/wrapt-2.1.2-cp314-cp314-musllinux_1_2_x86_64.whl", hash = "sha256:fab036efe5464ec3291411fabb80a7a39e2dd80bae9bcbeeca5087fdfa891e19", size = 119593, upload-time = "2026-03-06T02:54:16.697Z" },
    { url = "https://files.pythonhosted.org/packages/0b/fe/ccd22a1263159c4ac811ab9374c061bcb4a702773f6e06e38de5f81a1bdc/wrapt-2.1.2-cp314-cp314-win32.whl", hash = "sha256:e6ed62c82ddf58d001096ae84ce7f833db97ae2263bff31c9b336ba8cfe3f508", size = 58631, upload-time = "2026-03-06T02:53:06.498Z" },
    { url = "https://files.pythonhosted.org/packages/65/0a/6bd83be7bff2e7efaac7b4ac9748da9d75a34634bbbbc8ad077d527146df/wrapt-2.1.2-cp314-cp314-win_amd64.whl", hash = "sha256:467e7c76315390331c67073073d00662015bb730c566820c9ca9b54e4d67fd04", size = 60875, upload-time = "2026-03-06T02:53:50.252Z" },
    { url = "https://files.pythonhosted.org/packages/6c/c0/0b3056397fe02ff80e5a5d72d627c11eb885d1ca78e71b1a5c1e8c7d45de/wrapt-2.1.2-cp314-cp314-win_arm64.whl", hash = "sha256:da1f00a557c66225d53b095a97eace0fc5349e3bfda28fa34ffae238978ee575", size = 59164, upload-time = "2026-03-06T02:53:59.128Z" },
    { url = "https://files.pythonhosted.org/packages/71/ed/5d89c798741993b2371396eb9d4634f009ff1ad8a6c78d366fe2883ea7a6/wrapt-2.1.2-cp314-cp314t-macosx_10_15_x86_64.whl", hash = "sha256:62503ffbc2d3a69891cf29beeaccdb4d5e0a126e2b6a851688d4777e01428dbb", size = 63163, upload-time = "2026-03-06T02:52:54.873Z" },
    { url = "https://files.pythonhosted.org/packages/c6/8c/05d277d182bf36b0a13d6bd393ed1dec3468a25b59d01fba2dd70fe4d6ae/wrapt-2.1.2-cp314-cp314t-macosx_11_0_arm64.whl", hash = "sha256:c7e6cd120ef837d5b6f860a6ea3745f8763805c418bb2f12eeb1fa6e25f22d22", size = 63723, upload-time = "2026-03-06T02:52:56.374Z" },
    { url = "https://files.pythonhosted.org/packages/f4/27/6c51ec1eff4413c57e72d6106bb8dec6f0c7cdba6503d78f0fa98767bcc9/wrapt-2.1.2-cp314-cp314t-manylinux1_x86_64.manylinux_2_28_x86_64.manylinux_2_5_x86_64.whl", hash = "sha256:3769a77df8e756d65fbc050333f423c01ae012b4f6731aaf70cf2bef61b34596", size = 152652, upload-time = "2026-03-06T02:53:23.79Z" },
    { url = "https://files.pythonhosted.org/packages/db/4c/d7dd662d6963fc7335bfe29d512b02b71cdfa23eeca7ab3ac74a67505deb/wrapt-2.1.2-cp314-cp314t-manylinux2014_aarch64.manylinux_2_17_aarch64.manylinux_2_28_aarch64.whl", hash = "sha256:a76d61a2e851996150ba0f80582dd92a870643fa481f3b3846f229de88caf044", size = 158807, upload-time = "2026-03-06T02:53:35.742Z" },
    { url = "https://files.pythonhosted.org/packages/b4/4d/1e5eea1a78d539d346765727422976676615814029522c76b87a95f6bcdd/wrapt-2.1.2-cp314-cp314t-manylinux_2_31_riscv64.manylinux_2_39_riscv64.whl", hash = "sha256:6f97edc9842cf215312b75fe737ee7c8adda75a89979f8e11558dfff6343cc4b", size = 146061, upload-time = "2026-03-06T02:52:57.574Z" },
    { url = "https://files.pythonhosted.org/packages/89/bc/62cabea7695cd12a288023251eeefdcb8465056ddaab6227cb78a2de005b/wrapt-2.1.2-cp314-cp314t-musllinux_1_2_aarch64.whl", hash = "sha256:4006c351de6d5007aa33a551f600404ba44228a89e833d2fadc5caa5de8edfbf", size = 155667, upload-time = "2026-03-06T02:53:39.422Z" },
    { url = "https://files.pythonhosted.org/packages/e9/99/6f2888cd68588f24df3a76572c69c2de28287acb9e1972bf0c83ce97dbc1/wrapt-2.1.2-cp314-cp314t-musllinux_1_2_riscv64.whl", hash = "sha256:a9372fc3639a878c8e7d87e1556fa209091b0a66e912c611e3f833e2c4202be2", size = 144392, upload-time = "2026-03-06T02:54:22.41Z" },
    { url = "https://files.pythonhosted.org/packages/40/51/1dfc783a6c57971614c48e361a82ca3b6da9055879952587bc99fe1a7171/wrapt-2.1.2-cp314-cp314t-musllinux_1_2_x86_64.whl", hash = "sha256:3144b027ff30cbd2fca07c0a87e67011adb717eb5f5bd8496325c17e454257a3", size = 150296, upload-time = "2026-03-06T02:54:07.848Z" },
    { url = "https://files.pythonhosted.org/packages/6c/38/cbb8b933a0201076c1f64fc42883b0023002bdc14a4964219154e6ff3350/wrapt-2.1.2-cp314-cp314t-win32.whl", hash = "sha256:3b8d15e52e195813efe5db8cec156eebe339aaf84222f4f4f051a6c01f237ed7", size = 60539, upload-time = "2026-03-06T02:54:00.594Z" },
    { url = "https://files.pythonhosted.org/packages/82/dd/e5176e4b241c9f528402cebb238a36785a628179d7d8b71091154b3e4c9e/wrapt-2.1.2-cp314-cp314t-win_amd64.whl", hash = "sha256:08ffa54146a7559f5b8df4b289b46d963a8e74ed16ba3687f99896101a3990c5", size = 63969, upload-time = "2026-03-06T02:54:39Z" },
    { url = "https://files.pythonhosted.org/packages/5c/99/79f17046cf67e4a95b9987ea129632ba8bcec0bc81f3fb3d19bdb0bd60cd/wrapt-2.1.2-cp314-cp314t-win_arm64.whl", hash = "sha256:72aaa9d0d8e4ed0e2e98019cea47a21f823c9dd4b43c7b77bba6679ffcca6a00", size = 60554, upload-time = "2026-03-06T02:53:14.132Z" },
    { url = "https://files.pythonhosted.org/packages/1a/c7/8528ac2dfa2c1e6708f647df7ae144ead13f0a31146f43c7264b4942bf12/wrapt-2.1.2-py3-none-any.whl", hash = "sha256:b8fd6fa2b2c4e7621808f8c62e8317f4aae56e59721ad933bac5239d913cf0e8", size = 43993, upload-time = "2026-03-06T02:53:12.905Z" },
]
